
Microsoft Visual Studio Solution File, Format Version 12.00
# Visual Studio Version 17
VisualStudioVersion = 17.2.32526.322
MinimumVisualStudioVersion = 10.0.40219.1
Project("{FAE04EC0-301F-11D3-BF4B-00C04F79EFBC}") = "eva22mdtt", "eva22mdtt\eva22mdtt.csproj", "{41BBD693-179A-4942-8AA7-EFF5A73BC1D0}"
EndProject
Global
	GlobalSection(SolutionConfigurationPlatforms) = preSolution
		Debug|Any CPU = Debug|Any CPU
		Release|Any CPU = Release|Any CPU
	EndGlobalSection
	GlobalSection(ProjectConfigurationPlatforms) = postSolution
		{41BBD693-179A-4942-8AA7-EFF5A73BC1D0}.Debug|Any CPU.ActiveCfg = Debug|Any CPU
		{41BBD693-179A-4942-8AA7-EFF5A73BC1D0}.Debug|Any CPU.Build.0 = Debug|Any CPU
		{41BBD693-179A-4942-8AA7-EFF5A73BC1D0}.Release|Any CPU.ActiveCfg = Release|Any CPU
		{41BBD693-179A-4942-8AA7-EFF5A73BC1D0}.Release|Any CPU.Build.0 = Release|Any CPU
	EndGlobalSection
	GlobalSection(SolutionProperties) = preSolution
		HideSolutionNode = FALSE
	EndGlobalSection
	GlobalSection(ExtensibilityGlobals) = postSolution
		SolutionGuid = {0A7A6680-4476-4DE1-A092-5240638D86DB}
	EndGlobalSection
EndGlobal
